
Microsoft Visual Studio Solution File, Format Version 12.00
# Visual Studio Version 17
VisualStudioVersion = 17.5.33516.290
MinimumVisualStudioVersion = 10.0.40219.1
Project("{9A19103F-16F7-4668-BE54-9A1E7A4F7556}") = "Stonks", "Stonks\Stonks.csproj", "{86E2430B-7AB7-44E6-A531-AE352B1ECD30}"
EndProject
Project("{FAE04EC0-301F-11D3-BF4B-00C04F79EFBC}") = "Migrator", "Migrator\Migrator.csproj", "{4D32F84C-D0A7-4DAD-AF68-2A4B593C4186}"
EndProject
Project("{FAE04EC0-301F-11D3-BF4B-00C04F79EFBC}") = "Core", "Core\Core.csproj", "{1184F392-2DDE-48F5-816E-25F7DEB28037}"
EndProject
Global
	GlobalSection(SolutionConfigurationPlatforms) = preSolution
		Debug|Any CPU = Debug|Any CPU
		Release|Any CPU = Release|Any CPU
	EndGlobalSection
	GlobalSection(ProjectConfigurationPlatforms) = postSolution
		{86E2430B-7AB7-44E6-A531-AE352B1ECD30}.Debug|Any CPU.ActiveCfg = Debug|Any CPU
		{86E2430B-7AB7-44E6-A531-AE352B1ECD30}.Debug|Any CPU.Build.0 = Debug|Any CPU
		{86E2430B-7AB7-44E6-A531-AE352B1ECD30}.Release|Any CPU.ActiveCfg = Release|Any CPU
		{86E2430B-7AB7-44E6-A531-AE352B1ECD30}.Release|Any CPU.Build.0 = Release|Any CPU
		{4D32F84C-D0A7-4DAD-AF68-2A4B593C4186}.Debug|Any CPU.ActiveCfg = Debug|Any CPU
		{4D32F84C-D0A7-4DAD-AF68-2A4B593C4186}.Debug|Any CPU.Build.0 = Debug|Any CPU
		{4D32F84C-D0A7-4DAD-AF68-2A4B593C4186}.Release|Any CPU.ActiveCfg = Release|Any CPU
		{4D32F84C-D0A7-4DAD-AF68-2A4B593C4186}.Release|Any CPU.Build.0 = Release|Any CPU
		{1184F392-2DDE-48F5-816E-25F7DEB28037}.Debug|Any CPU.ActiveCfg = Debug|Any CPU
		{1184F392-2DDE-48F5-816E-25F7DEB28037}.Debug|Any CPU.Build.0 = Debug|Any CPU
		{1184F392-2DDE-48F5-816E-25F7DEB28037}.Release|Any CPU.ActiveCfg = Release|Any CPU
		{1184F392-2DDE-48F5-816E-25F7DEB28037}.Release|Any CPU.Build.0 = Release|Any CPU
	EndGlobalSection
	GlobalSection(SolutionProperties) = preSolution
		HideSolutionNode = FALSE
	EndGlobalSection
	GlobalSection(ExtensibilityGlobals) = postSolution
		SolutionGuid = {30D04FC1-05F0-48C4-98B3-63EA6094C530}
	EndGlobalSection
EndGlobal
